// !$*UTF8*$!
{
	archiveVersion = 1;
	classes = {
	};
	objectVersion = 46;
	objects = {

/* Begin PBXBuildFile section */
		9516A63B195F4C4400FBA0FE /* main.cpp in Sources */ = {isa = PBXBuildFile; fileRef = 9516A63A195F4C4400FBA0FE /* main.cpp */; };
		9516A647195F4C5C00FBA0FE /* Matrix.cpp in Sources */ = {isa = PBXBuildFile; fileRef = 9516A641195F4C5C00FBA0FE /* Matrix.cpp */; };
/* End PBXBuildFile section */

/* Begin PBXCopyFilesBuildPhase section */
		9516A635195F4C4300FBA0FE /* CopyFiles */ = {
			isa = PBXCopyFilesBuildPhase;
			buildActionMask = 2147483647;
			dstPath = /usr/share/man/man1/;
			dstSubfolderSpec = 0;
			files = (
			);
			runOnlyForDeploymentPostprocessing = 1;
		};
/* End PBXCopyFilesBuildPhase section */

/* Begin PBXFileReference section */
		9516A637195F4C4300FBA0FE /* merge */ = {isa = PBXFileReference; explicitFileType = "compiled.mach-o.executable"; includeInIndex = 0; path = merge; sourceTree = BUILT_PRODUCTS_DIR; };
		9516A63A195F4C4400FBA0FE /* main.cpp */ = {isa = PBXFileReference; lastKnownFileType = sourcecode.cpp.cpp; path = main.cpp; sourceTree = "<group>"; };
		9516A641195F4C5C00FBA0FE /* Matrix.cpp */ = {isa = PBXFileReference; fileEncoding = 4; lastKnownFileType = sourcecode.cpp.cpp; path = Matrix.cpp; sourceTree = "<group>"; };
		9516A642195F4C5C00FBA0FE /* Matrix.h */ = {isa = PBXFileReference; fileEncoding = 4; lastKnownFileType = sourcecode.c.h; path = Matrix.h; sourceTree = "<group>"; };
		9516A644195F4C5C00FBA0FE /* Position.h */ = {isa = PBXFileReference; fileEncoding = 4; lastKnownFileType = sourcecode.c.h; path = Position.h; sourceTree = "<group>"; };
		9516A646195F4C5C00FBA0FE /* Tile.h */ = {isa = PBXFileReference; fileEncoding = 4; lastKnownFileType = sourcecode.c.h; path = Tile.h; sourceTree = "<group>"; };
		9516A64A195F52D200FBA0FE /* ai.h */ = {isa = PBXFileReference; lastKnownFileType = sourcecode.c.h; name = ai.h; path = ../ai.h; sourceTree = "<group>"; };
/* End PBXFileReference section */

/* Begin PBXFrameworksBuildPhase section */
		9516A634195F4C4300FBA0FE /* Frameworks */ = {
			isa = PBXFrameworksBuildPhase;
			buildActionMask = 2147483647;
			files = (
			);
			runOnlyForDeploymentPostprocessing = 0;
		};
/* End PBXFrameworksBuildPhase section */

/* Begin PBXGroup section */
		9516A62E195F4C4300FBA0FE = {
			isa = PBXGroup;
			children = (
				9516A639195F4C4400FBA0FE /* merge */,
				9516A638195F4C4300FBA0FE /* Products */,
			);
			sourceTree = "<group>";
		};
		9516A638195F4C4300FBA0FE /* Products */ = {
			isa = PBXGroup;
			children = (
				9516A637195F4C4300FBA0FE /* merge */,
			);
			name = Products;
			sourceTree = "<group>";
		};
		9516A639195F4C4400FBA0FE /* merge */ = {
			isa = PBXGroup;
			children = (
				9516A64A195F52D200FBA0FE /* ai.h */,
				9516A641195F4C5C00FBA0FE /* Matrix.cpp */,
				9516A642195F4C5C00FBA0FE /* Matrix.h */,
				9516A644195F4C5C00FBA0FE /* Position.h */,
				9516A646195F4C5C00FBA0FE /* Tile.h */,
				9516A63A195F4C4400FBA0FE /* main.cpp */,
			);
			path = merge;
			sourceTree = "<group>";
		};
/* End PBXGroup section */

/* Begin PBXNativeTarget section */
		9516A636195F4C4300FBA0FE /* merge */ = {
			isa = PBXNativeTarget;
			buildConfigurationList = 9516A63E195F4C4400FBA0FE /* Build configuration list for PBXNativeTarget "merge" */;
			buildPhases = (
				9516A633195F4C4300FBA0FE /* Sources */,
				9516A634195F4C4300FBA0FE /* Frameworks */,
				9516A635195F4C4300FBA0FE /* CopyFiles */,
			);
			buildRules = (
			);
			dependencies = (
			);
			name = merge;
			productName = merge;
			productReference = 9516A637195F4C4300FBA0FE /* merge */;
			productType = "com.apple.product-type.tool";
		};
/* End PBXNativeTarget section */

/* Begin PBXProject section */
		9516A62F195F4C4300FBA0FE /* Project object */ = {
			isa = PBXProject;
			attributes = {
				LastUpgradeCheck = 0600;
				ORGANIZATIONNAME = "Tobias Hofmann";
				TargetAttributes = {
					9516A636195F4C4300FBA0FE = {
						CreatedOnToolsVersion = 6.0;
					};
				};
			};
			buildConfigurationList = 9516A632195F4C4300FBA0FE /* Build configuration list for PBXProject "merge" */;
			compatibilityVersion = "Xcode 3.2";
			developmentRegion = English;
			hasScannedForEncodings = 0;
			knownRegions = (
				en,
			);
			mainGroup = 9516A62E195F4C4300FBA0FE;
			productRefGroup = 9516A638195F4C4300FBA0FE /* Products */;
			projectDirPath = "";
			projectRoot = "";
			targets = (
				9516A636195F4C4300FBA0FE /* merge */,
			);
		};
/* End PBXProject section */

/* Begin PBXSourcesBuildPhase section */
		9516A633195F4C4300FBA0FE /* Sources */ = {
			isa = PBXSourcesBuildPhase;
			buildActionMask = 2147483647;
			files = (
				9516A647195F4C5C00FBA0FE /* Matrix.cpp in Sources */,
				9516A63B195F4C4400FBA0FE /* main.cpp in Sources */,
			);
			runOnlyForDeploymentPostprocessing = 0;
		};
/* End PBXSourcesBuildPhase section */

/* Begin XCBuildConfiguration section */
		9516A63C195F4C4400FBA0FE /* Debug */ = {
			isa = XCBuildConfiguration;
			buildSettings = {
				ALWAYS_SEARCH_USER_PATHS = NO;
				CLANG_CXX_LANGUAGE_STANDARD = "gnu++0x";
				CLANG_CXX_LIBRARY = "libc++";
				CLANG_ENABLE_MODULES = YES;
				CLANG_ENABLE_OBJC_ARC = YES;
				CLANG_WARN_BOOL_CONVERSION = YES;
				CLANG_WARN_CONSTANT_CONVERSION = YES;
				CLANG_WARN_DIRECT_OBJC_ISA_USAGE = YES_ERROR;
				CLANG_WARN_EMPTY_BODY = YES;
				CLANG_WARN_ENUM_CONVERSION = YES;
				CLANG_WARN_INT_CONVERSION = YES;
				CLANG_WARN_OBJC_ROOT_CLASS = YES_ERROR;
				CLANG_WARN_UNREACHABLE_CODE = YES;
				CLANG_WARN__DUPLICATE_METHOD_MATCH = YES;
				COPY_PHASE_STRIP = NO;
				ENABLE_STRICT_OBJC_MSGSEND = YES;
				GCC_C_LANGUAGE_STANDARD = gnu99;
				GCC_DYNAMIC_NO_PIC = NO;
				GCC_OPTIMIZATION_LEVEL = 0;
				GCC_PREPROCESSOR_DEFINITIONS = (
					"DEBUG=1",
					"$(inherited)",
				);
				GCC_SYMBOLS_PRIVATE_EXTERN = NO;
				GCC_WARN_64_TO_32_BIT_CONVERSION = YES;
				GCC_WARN_ABOUT_RETURN_TYPE = YES_ERROR;
				GCC_WARN_UNDECLARED_SELECTOR = YES;
				GCC_WARN_UNINITIALIZED_AUTOS = YES_AGGRESSIVE;
				GCC_WARN_UNUSED_FUNCTION = YES;
				GCC_WARN_UNUSED_VARIABLE = YES;
				MACOSX_DEPLOYMENT_TARGET = 10.10;
				METAL_ENABLE_DEBUG_INFO = YES;
				ONLY_ACTIVE_ARCH = YES;
				SDKROOT = macosx;
			};
			name = Debug;
		};
		9516A63D195F4C4400FBA0FE /* Release */ = {
			isa = XCBuildConfiguration;
			buildSettings = {
				ALWAYS_SEARCH_USER_PATHS = NO;
				CLANG_CXX_LANGUAGE_STANDARD = "gnu++0x";
				CLANG_CXX_LIBRARY = "libc++";
				CLANG_ENABLE_MODULES = YES;
				CLANG_ENABLE_OBJC_ARC = YES;
				CLANG_WARN_BOOL_CONVERSION = YES;
				CLANG_WARN_CONSTANT_CONVERSION = YES;
				CLANG_WARN_DIRECT_OBJC_ISA_USAGE = YES_ERROR;
				CLANG_WARN_EMPTY_BODY = YES;
				CLANG_WARN_ENUM_CONVERSION = YES;
				CLANG_WARN_INT_CONVERSION = YES;
				CLANG_WARN_OBJC_ROOT_CLASS = YES_ERROR;
				CLANG_WARN_UNREACHABLE_CODE = YES;
				CLANG_WARN__DUPLICATE_METHOD_MATCH = YES;
				COPY_PHASE_STRIP = YES;
				DEBUG_INFORMATION_FORMAT = "dwarf-with-dsym";
				ENABLE_NS_ASSERTIONS = NO;
				ENABLE_STRICT_OBJC_MSGSEND = YES;
				GCC_C_LANGUAGE_STANDARD = gnu99;
				GCC_WARN_64_TO_32_BIT_CONVERSION = YES;
				GCC_WARN_ABOUT_RETURN_TYPE = YES_ERROR;
				GCC_WARN_UNDECLARED_SELECTOR = YES;
				GCC_WARN_UNINITIALIZED_AUTOS = YES_AGGRESSIVE;
				GCC_WARN_UNUSED_FUNCTION = YES;
				GCC_WARN_UNUSED_VARIABLE = YES;
				MACOSX_DEPLOYMENT_TARGET = 10.10;
				METAL_ENABLE_DEBUG_INFO = NO;
				SDKROOT = macosx;
			};
			name = Release;
		};
		9516A63F195F4C4400FBA0FE /* Debug */ = {
			isa = XCBuildConfiguration;
			buildSettings = {
				PRODUCT_NAME = "$(TARGET_NAME)";
			};
			name = Debug;
		};
		9516A640195F4C4400FBA0FE /* Release */ = {
			isa = XCBuildConfiguration;
			buildSettings = {
				PRODUCT_NAME = "$(TARGET_NAME)";
			};
			name = Release;
		};
/* End XCBuildConfiguration section */

/* Begin XCConfigurationList section */
		9516A632195F4C4300FBA0FE /* Build configuration list for PBXProject "merge" */ = {
			isa = XCConfigurationList;
			buildConfigurations = (
				9516A63C195F4C4400FBA0FE /* Debug */,
				9516A63D195F4C4400FBA0FE /* Release */,
			);
			defaultConfigurationIsVisible = 0;
			defaultConfigurationName = Release;
		};
		9516A63E195F4C4400FBA0FE /* Build configuration list for PBXNativeTarget "merge" */ = {
			isa = XCConfigurationList;
			buildConfigurations = (
				9516A63F195F4C4400FBA0FE /* Debug */,
				9516A640195F4C4400FBA0FE /* Release */,
			);
			defaultConfigurationIsVisible = 0;
			defaultConfigurationName = Release;
		};
/* End XCConfigurationList section */
	};
	rootObject = 9516A62F195F4C4300FBA0FE /* Project object */;
}
